
Microsoft Visual Studio Solution File, Format Version 12.00
# Visual Studio Version 17
VisualStudioVersion = 17.4.33205.214
MinimumVisualStudioVersion = 10.0.40219.1
Project("{2150E333-8FDC-42A3-9474-1A3956D46DE8}") = "Level03", "Level03", "{04473F7E-16B7-4496-B056-E9E930DD1AF8}"
EndProject
Project("{9A19103F-16F7-4668-BE54-9A1E7A4F7556}") = "HelloWorld", "Level03\HelloWorld\HelloWorld.csproj", "{73507C31-BEC9-4C7E-9241-DB12E3AE2DF2}"
EndProject
Global
	GlobalSection(SolutionConfigurationPlatforms) = preSolution
		Debug|Any CPU = Debug|Any CPU
		Release|Any CPU = Release|Any CPU
	EndGlobalSection
	GlobalSection(ProjectConfigurationPlatforms) = postSolution
		{73507C31-BEC9-4C7E-9241-DB12E3AE2DF2}.Debug|Any CPU.ActiveCfg = Debug|Any CPU
		{73507C31-BEC9-4C7E-9241-DB12E3AE2DF2}.Debug|Any CPU.Build.0 = Debug|Any CPU
		{73507C31-BEC9-4C7E-9241-DB12E3AE2DF2}.Release|Any CPU.ActiveCfg = Release|Any CPU
		{73507C31-BEC9-4C7E-9241-DB12E3AE2DF2}.Release|Any CPU.Build.0 = Release|Any CPU
	EndGlobalSection
	GlobalSection(SolutionProperties) = preSolution
		HideSolutionNode = FALSE
	EndGlobalSection
	GlobalSection(NestedProjects) = preSolution
		{73507C31-BEC9-4C7E-9241-DB12E3AE2DF2} = {04473F7E-16B7-4496-B056-E9E930DD1AF8}
	EndGlobalSection
	GlobalSection(ExtensibilityGlobals) = postSolution
		SolutionGuid = {F9CE9BD2-E80F-4C81-B512-F1FA1D48E5FC}
	EndGlobalSection
EndGlobal
