
Microsoft Visual Studio Solution File, Format Version 12.00
# Visual Studio Version 17
VisualStudioVersion = 17.4.33205.214
MinimumVisualStudioVersion = 10.0.40219.1
Project("{2150E333-8FDC-42A3-9474-1A3956D46DE8}") = "Level03", "Level03", "{04473F7E-16B7-4496-B056-E9E930DD1AF8}"
EndProject
Project("{9A19103F-16F7-4668-BE54-9A1E7A4F7556}") = "HelloWorld", "Level03\HelloWorld\HelloWorld.csproj", "{73507C31-BEC9-4C7E-9241-DB12E3AE2DF2}"
EndProject
Project("{9A19103F-16F7-4668-BE54-9A1E7A4F7556}") = "ConsolasAndTelim", "Level03\ConsolasAndTelim\ConsolasAndTelim.csproj", "{D51EC919-2049-406F-8BA8-064A29A78F95}"
EndProject
Project("{2150E333-8FDC-42A3-9474-1A3956D46DE8}") = "Level04", "Level04", "{7B2BA792-6D9E-4D0B-A161-9BA731215AEC}"
EndProject
Project("{9A19103F-16F7-4668-BE54-9A1E7A4F7556}") = "ThingNamer3000", "Level04\ThingNamer3000\ThingNamer3000.csproj", "{586526D1-AFB4-4654-8B4E-A3D050745916}"
EndProject
Project("{2150E333-8FDC-42A3-9474-1A3956D46DE8}") = "Level06", "Level06", "{674E5204-B76C-4BC3-8306-F7A60C27319C}"
EndProject
Project("{9A19103F-16F7-4668-BE54-9A1E7A4F7556}") = "VariableShop", "level06\VariableShop\VariableShop.csproj", "{F4C55381-B317-4EAD-B952-11CC8C6FC994}"
EndProject
Project("{2150E333-8FDC-42A3-9474-1A3956D46DE8}") = "Level07", "Level07", "{3315A9D7-F854-4AC7-B1C0-F30D159F0E42}"
EndProject
Project("{9A19103F-16F7-4668-BE54-9A1E7A4F7556}") = "TriangleFarmer", "level07\TriangleFarmer\TriangleFarmer.csproj", "{5ECAC6DC-0C6A-48CF-B288-B7C783E9470F}"
EndProject
Project("{9A19103F-16F7-4668-BE54-9A1E7A4F7556}") = "FourSistersAndDuckBear", "level07\FourSistersAndDuckBear\FourSistersAndDuckBear.csproj", "{47D4A2AA-2692-4A5C-B488-70321D2452B8}"
EndProject
Project("{9A19103F-16F7-4668-BE54-9A1E7A4F7556}") = "DominionOfKings", "level07\DominionOfKings\DominionOfKings.csproj", "{D18F5A86-90CB-4C9C-B8C9-F949EFC7E80F}"
EndProject
Project("{2150E333-8FDC-42A3-9474-1A3956D46DE8}") = "Level08", "Level08", "{6282B270-C9C5-4560-B417-6E61304324F1}"
EndProject
Project("{9A19103F-16F7-4668-BE54-9A1E7A4F7556}") = "DefenceOfConsolas", "level08\DefenceOfConsolas\DefenceOfConsolas.csproj", "{4DBEBFB5-7C0A-4380-9177-2749C85B08B1}"
EndProject
Project("{2150E333-8FDC-42A3-9474-1A3956D46DE8}") = "Level09", "Level09", "{306A9C45-219E-480B-8D58-F7BDF814D16B}"
EndProject
Project("{9A19103F-16F7-4668-BE54-9A1E7A4F7556}") = "RepairingTheClocktower", "Level09\RepairingTheclocktower\RepairingTheClocktower.csproj", "{DC19D329-6381-475E-B4DF-E9D2378ABD09}"
EndProject
Project("{9A19103F-16F7-4668-BE54-9A1E7A4F7556}") = "Watchtower", "level09\Watchtower\Watchtower.csproj", "{EAD8C2C8-EB26-4422-A8B0-A17FC8D61BD1}"
EndProject
Project("{2150E333-8FDC-42A3-9474-1A3956D46DE8}") = "level10", "level10", "{E58D5B10-27AE-4FAE-9192-8ED3D2AA43B7}"
EndProject
Project("{9A19103F-16F7-4668-BE54-9A1E7A4F7556}") = "BuyingInventory", "level10\BuyingInventory\BuyingInventory.csproj", "{4C0E2F4C-D6A0-4C97-B894-5F17F9EBB60F}"
EndProject
Project("{9A19103F-16F7-4668-BE54-9A1E7A4F7556}") = "DiscountedInventory", "level10\DiscountedInventory\DiscountedInventory.csproj", "{72D3FD5D-2E2A-49BA-8BD3-28D4F371D300}"
EndProject
Project("{2150E333-8FDC-42A3-9474-1A3956D46DE8}") = "level11", "level11", "{940C342C-C078-4F60-98F4-0C8B4030AC34}"
EndProject
Project("{9A19103F-16F7-4668-BE54-9A1E7A4F7556}") = "Prototype", "level11\Prototype\Prototype.csproj", "{22A802E0-023B-4C2F-BED5-3ED35C9B214B}"
EndProject
Project("{9A19103F-16F7-4668-BE54-9A1E7A4F7556}") = "MagicCannon", "level11\MagicCannon\MagicCannon.csproj", "{8C2D7E37-7757-4472-A6B0-5310798FCAA6}"
EndProject
Project("{2150E333-8FDC-42A3-9474-1A3956D46DE8}") = "level12", "level12", "{143FC1A3-57A6-454E-AD8D-408F747F7294}"
EndProject
Project("{FAE04EC0-301F-11D3-BF4B-00C04F79EFBC}") = "ReplicatorOfDTo", "level11\ReplicatorOfDTo\ReplicatorOfDTo.csproj", "{9675FF7B-BA20-4DE3-A460-08F696F1F6C1}"
EndProject
Global
	GlobalSection(SolutionConfigurationPlatforms) = preSolution
		Debug|Any CPU = Debug|Any CPU
		Release|Any CPU = Release|Any CPU
	EndGlobalSection
	GlobalSection(ProjectConfigurationPlatforms) = postSolution
		{73507C31-BEC9-4C7E-9241-DB12E3AE2DF2}.Debug|Any CPU.ActiveCfg = Debug|Any CPU
		{73507C31-BEC9-4C7E-9241-DB12E3AE2DF2}.Debug|Any CPU.Build.0 = Debug|Any CPU
		{73507C31-BEC9-4C7E-9241-DB12E3AE2DF2}.Release|Any CPU.ActiveCfg = Release|Any CPU
		{73507C31-BEC9-4C7E-9241-DB12E3AE2DF2}.Release|Any CPU.Build.0 = Release|Any CPU
		{D51EC919-2049-406F-8BA8-064A29A78F95}.Debug|Any CPU.ActiveCfg = Debug|Any CPU
		{D51EC919-2049-406F-8BA8-064A29A78F95}.Debug|Any CPU.Build.0 = Debug|Any CPU
		{D51EC919-2049-406F-8BA8-064A29A78F95}.Release|Any CPU.ActiveCfg = Release|Any CPU
		{D51EC919-2049-406F-8BA8-064A29A78F95}.Release|Any CPU.Build.0 = Release|Any CPU
		{586526D1-AFB4-4654-8B4E-A3D050745916}.Debug|Any CPU.ActiveCfg = Debug|Any CPU
		{586526D1-AFB4-4654-8B4E-A3D050745916}.Debug|Any CPU.Build.0 = Debug|Any CPU
		{586526D1-AFB4-4654-8B4E-A3D050745916}.Release|Any CPU.ActiveCfg = Release|Any CPU
		{586526D1-AFB4-4654-8B4E-A3D050745916}.Release|Any CPU.Build.0 = Release|Any CPU
		{F4C55381-B317-4EAD-B952-11CC8C6FC994}.Debug|Any CPU.ActiveCfg = Debug|Any CPU
		{F4C55381-B317-4EAD-B952-11CC8C6FC994}.Debug|Any CPU.Build.0 = Debug|Any CPU
		{F4C55381-B317-4EAD-B952-11CC8C6FC994}.Release|Any CPU.ActiveCfg = Release|Any CPU
		{F4C55381-B317-4EAD-B952-11CC8C6FC994}.Release|Any CPU.Build.0 = Release|Any CPU
		{5ECAC6DC-0C6A-48CF-B288-B7C783E9470F}.Debug|Any CPU.ActiveCfg = Debug|Any CPU
		{5ECAC6DC-0C6A-48CF-B288-B7C783E9470F}.Debug|Any CPU.Build.0 = Debug|Any CPU
		{5ECAC6DC-0C6A-48CF-B288-B7C783E9470F}.Release|Any CPU.ActiveCfg = Release|Any CPU
		{5ECAC6DC-0C6A-48CF-B288-B7C783E9470F}.Release|Any CPU.Build.0 = Release|Any CPU
		{47D4A2AA-2692-4A5C-B488-70321D2452B8}.Debug|Any CPU.ActiveCfg = Debug|Any CPU
		{47D4A2AA-2692-4A5C-B488-70321D2452B8}.Debug|Any CPU.Build.0 = Debug|Any CPU
		{47D4A2AA-2692-4A5C-B488-70321D2452B8}.Release|Any CPU.ActiveCfg = Release|Any CPU
		{47D4A2AA-2692-4A5C-B488-70321D2452B8}.Release|Any CPU.Build.0 = Release|Any CPU
		{D18F5A86-90CB-4C9C-B8C9-F949EFC7E80F}.Debug|Any CPU.ActiveCfg = Debug|Any CPU
		{D18F5A86-90CB-4C9C-B8C9-F949EFC7E80F}.Debug|Any CPU.Build.0 = Debug|Any CPU
		{D18F5A86-90CB-4C9C-B8C9-F949EFC7E80F}.Release|Any CPU.ActiveCfg = Release|Any CPU
		{D18F5A86-90CB-4C9C-B8C9-F949EFC7E80F}.Release|Any CPU.Build.0 = Release|Any CPU
		{4DBEBFB5-7C0A-4380-9177-2749C85B08B1}.Debug|Any CPU.ActiveCfg = Debug|Any CPU
		{4DBEBFB5-7C0A-4380-9177-2749C85B08B1}.Debug|Any CPU.Build.0 = Debug|Any CPU
		{4DBEBFB5-7C0A-4380-9177-2749C85B08B1}.Release|Any CPU.ActiveCfg = Release|Any CPU
		{4DBEBFB5-7C0A-4380-9177-2749C85B08B1}.Release|Any CPU.Build.0 = Release|Any CPU
		{DC19D329-6381-475E-B4DF-E9D2378ABD09}.Debug|Any CPU.ActiveCfg = Debug|Any CPU
		{DC19D329-6381-475E-B4DF-E9D2378ABD09}.Debug|Any CPU.Build.0 = Debug|Any CPU
		{DC19D329-6381-475E-B4DF-E9D2378ABD09}.Release|Any CPU.ActiveCfg = Release|Any CPU
		{DC19D329-6381-475E-B4DF-E9D2378ABD09}.Release|Any CPU.Build.0 = Release|Any CPU
		{EAD8C2C8-EB26-4422-A8B0-A17FC8D61BD1}.Debug|Any CPU.ActiveCfg = Debug|Any CPU
		{EAD8C2C8-EB26-4422-A8B0-A17FC8D61BD1}.Debug|Any CPU.Build.0 = Debug|Any CPU
		{EAD8C2C8-EB26-4422-A8B0-A17FC8D61BD1}.Release|Any CPU.ActiveCfg = Release|Any CPU
		{EAD8C2C8-EB26-4422-A8B0-A17FC8D61BD1}.Release|Any CPU.Build.0 = Release|Any CPU
		{4C0E2F4C-D6A0-4C97-B894-5F17F9EBB60F}.Debug|Any CPU.ActiveCfg = Debug|Any CPU
		{4C0E2F4C-D6A0-4C97-B894-5F17F9EBB60F}.Debug|Any CPU.Build.0 = Debug|Any CPU
		{4C0E2F4C-D6A0-4C97-B894-5F17F9EBB60F}.Release|Any CPU.ActiveCfg = Release|Any CPU
		{4C0E2F4C-D6A0-4C97-B894-5F17F9EBB60F}.Release|Any CPU.Build.0 = Release|Any CPU
		{72D3FD5D-2E2A-49BA-8BD3-28D4F371D300}.Debug|Any CPU.ActiveCfg = Debug|Any CPU
		{72D3FD5D-2E2A-49BA-8BD3-28D4F371D300}.Debug|Any CPU.Build.0 = Debug|Any CPU
		{72D3FD5D-2E2A-49BA-8BD3-28D4F371D300}.Release|Any CPU.ActiveCfg = Release|Any CPU
		{72D3FD5D-2E2A-49BA-8BD3-28D4F371D300}.Release|Any CPU.Build.0 = Release|Any CPU
		{22A802E0-023B-4C2F-BED5-3ED35C9B214B}.Debug|Any CPU.ActiveCfg = Debug|Any CPU
		{22A802E0-023B-4C2F-BED5-3ED35C9B214B}.Debug|Any CPU.Build.0 = Debug|Any CPU
		{22A802E0-023B-4C2F-BED5-3ED35C9B214B}.Release|Any CPU.ActiveCfg = Release|Any CPU
		{22A802E0-023B-4C2F-BED5-3ED35C9B214B}.Release|Any CPU.Build.0 = Release|Any CPU
		{8C2D7E37-7757-4472-A6B0-5310798FCAA6}.Debug|Any CPU.ActiveCfg = Debug|Any CPU
		{8C2D7E37-7757-4472-A6B0-5310798FCAA6}.Debug|Any CPU.Build.0 = Debug|Any CPU
		{8C2D7E37-7757-4472-A6B0-5310798FCAA6}.Release|Any CPU.ActiveCfg = Release|Any CPU
		{8C2D7E37-7757-4472-A6B0-5310798FCAA6}.Release|Any CPU.Build.0 = Release|Any CPU
		{9675FF7B-BA20-4DE3-A460-08F696F1F6C1}.Debug|Any CPU.ActiveCfg = Debug|Any CPU
		{9675FF7B-BA20-4DE3-A460-08F696F1F6C1}.Debug|Any CPU.Build.0 = Debug|Any CPU
		{9675FF7B-BA20-4DE3-A460-08F696F1F6C1}.Release|Any CPU.ActiveCfg = Release|Any CPU
		{9675FF7B-BA20-4DE3-A460-08F696F1F6C1}.Release|Any CPU.Build.0 = Release|Any CPU
	EndGlobalSection
	GlobalSection(SolutionProperties) = preSolution
		HideSolutionNode = FALSE
	EndGlobalSection
	GlobalSection(NestedProjects) = preSolution
		{73507C31-BEC9-4C7E-9241-DB12E3AE2DF2} = {04473F7E-16B7-4496-B056-E9E930DD1AF8}
		{D51EC919-2049-406F-8BA8-064A29A78F95} = {04473F7E-16B7-4496-B056-E9E930DD1AF8}
		{586526D1-AFB4-4654-8B4E-A3D050745916} = {7B2BA792-6D9E-4D0B-A161-9BA731215AEC}
		{F4C55381-B317-4EAD-B952-11CC8C6FC994} = {674E5204-B76C-4BC3-8306-F7A60C27319C}
		{5ECAC6DC-0C6A-48CF-B288-B7C783E9470F} = {3315A9D7-F854-4AC7-B1C0-F30D159F0E42}
		{47D4A2AA-2692-4A5C-B488-70321D2452B8} = {3315A9D7-F854-4AC7-B1C0-F30D159F0E42}
		{D18F5A86-90CB-4C9C-B8C9-F949EFC7E80F} = {3315A9D7-F854-4AC7-B1C0-F30D159F0E42}
		{4DBEBFB5-7C0A-4380-9177-2749C85B08B1} = {6282B270-C9C5-4560-B417-6E61304324F1}
		{DC19D329-6381-475E-B4DF-E9D2378ABD09} = {306A9C45-219E-480B-8D58-F7BDF814D16B}
		{EAD8C2C8-EB26-4422-A8B0-A17FC8D61BD1} = {306A9C45-219E-480B-8D58-F7BDF814D16B}
		{4C0E2F4C-D6A0-4C97-B894-5F17F9EBB60F} = {E58D5B10-27AE-4FAE-9192-8ED3D2AA43B7}
		{72D3FD5D-2E2A-49BA-8BD3-28D4F371D300} = {E58D5B10-27AE-4FAE-9192-8ED3D2AA43B7}
		{22A802E0-023B-4C2F-BED5-3ED35C9B214B} = {940C342C-C078-4F60-98F4-0C8B4030AC34}
		{8C2D7E37-7757-4472-A6B0-5310798FCAA6} = {940C342C-C078-4F60-98F4-0C8B4030AC34}
		{9675FF7B-BA20-4DE3-A460-08F696F1F6C1} = {143FC1A3-57A6-454E-AD8D-408F747F7294}
	EndGlobalSection
	GlobalSection(ExtensibilityGlobals) = postSolution
		SolutionGuid = {F9CE9BD2-E80F-4C81-B512-F1FA1D48E5FC}
	EndGlobalSection
EndGlobal
